
Microsoft Visual Studio Solution File, Format Version 15.00
# Visual Studio 2017
Project("{FAE04EC0-301F-11D3-BF4B-00C04F79EFBC}") = "SharpContentScraper", "SharpContentScraper\SharpContentScraper.csproj", "{6C292434-5004-4E2C-AAC4-AEC5ECAC6E0F}"
EndProject
Global
	GlobalSection(SolutionConfigurationPlatforms) = preSolution
		Debug|Any CPU = Debug|Any CPU
		Release|Any CPU = Release|Any CPU
	EndGlobalSection
	GlobalSection(ProjectConfigurationPlatforms) = postSolution
		{6C292434-5004-4E2C-AAC4-AEC5ECAC6E0F}.Debug|Any CPU.ActiveCfg = Debug|Any CPU
		{6C292434-5004-4E2C-AAC4-AEC5ECAC6E0F}.Debug|Any CPU.Build.0 = Debug|Any CPU
		{6C292434-5004-4E2C-AAC4-AEC5ECAC6E0F}.Release|Any CPU.ActiveCfg = Release|Any CPU
		{6C292434-5004-4E2C-AAC4-AEC5ECAC6E0F}.Release|Any CPU.Build.0 = Release|Any CPU
		{0EDA5601-5041-48B4-97DC-008B12B516B2}.Debug|Any CPU.ActiveCfg = Debug|Any CPU
		{0EDA5601-5041-48B4-97DC-008B12B516B2}.Debug|Any CPU.Build.0 = Debug|Any CPU
		{0EDA5601-5041-48B4-97DC-008B12B516B2}.Release|Any CPU.ActiveCfg = Release|Any CPU
		{0EDA5601-5041-48B4-97DC-008B12B516B2}.Release|Any CPU.Build.0 = Release|Any CPU
	EndGlobalSection
EndGlobal
